{
  "name": "@vsr/css-to-js",
  "version": "0.1.2",
  "lockfileVersion": 1,
  "requires": true,
  "dependencies": {
    "jotform-css.js": {
      "version": "1.0.1",
      "resolved": "https://registry.npmjs.org/jotform-css.js/-/jotform-css.js-1.0.1.tgz",
      "integrity": "sha512-OCDJA7Z1oh+xrq/FBJXO0TxHeqJ/6lC3hqsZgqy6lrSJMSzFv6OnrVcodF4zclubssgCGpjpJjUwbqiFYFUPLQ=="
    },
    "minimist": {
      "version": "1.2.3",
      "resolved": "https://registry.npmjs.org/minimist/-/minimist-1.2.3.tgz",
      "integrity": "sha512-+bMdgqjMN/Z77a6NlY/I3U5LlRDbnmaAk6lDveAPKwSpcPM4tKAuYsvYF8xjhOPXhOYGe/73vVLVez5PW+jqhw=="
    }
  }
}
